
Microsoft Visual Studio Solution File, Format Version 12.00
# Visual Studio 15
VisualStudioVersion = 15.0.26430.16
MinimumVisualStudioVersion = 10.0.40219.1
Project("{FAE04EC0-301F-11D3-BF4B-00C04F79EFBC}") = "Jabber", "JabberIRC\Jabber.csproj", "{51A72FA2-B485-45C3-A406-5F2D9B314D9E}"
EndProject
Project("{FAE04EC0-301F-11D3-BF4B-00C04F79EFBC}") = "JabberTests", "JabberTests\JabberTests.csproj", "{1257139B-7C35-4813-84E5-81D03706D3E5}"
EndProject
Global
	GlobalSection(SolutionConfigurationPlatforms) = preSolution
		Debug|Any CPU = Debug|Any CPU
		Release|Any CPU = Release|Any CPU
	EndGlobalSection
	GlobalSection(ProjectConfigurationPlatforms) = postSolution
		{51A72FA2-B485-45C3-A406-5F2D9B314D9E}.Debug|Any CPU.ActiveCfg = Debug|Any CPU
		{51A72FA2-B485-45C3-A406-5F2D9B314D9E}.Debug|Any CPU.Build.0 = Debug|Any CPU
		{51A72FA2-B485-45C3-A406-5F2D9B314D9E}.Release|Any CPU.ActiveCfg = Release|Any CPU
		{51A72FA2-B485-45C3-A406-5F2D9B314D9E}.Release|Any CPU.Build.0 = Release|Any CPU
		{1257139B-7C35-4813-84E5-81D03706D3E5}.Debug|Any CPU.ActiveCfg = Debug|Any CPU
		{1257139B-7C35-4813-84E5-81D03706D3E5}.Debug|Any CPU.Build.0 = Debug|Any CPU
		{1257139B-7C35-4813-84E5-81D03706D3E5}.Release|Any CPU.ActiveCfg = Release|Any CPU
		{1257139B-7C35-4813-84E5-81D03706D3E5}.Release|Any CPU.Build.0 = Release|Any CPU
	EndGlobalSection
	GlobalSection(SolutionProperties) = preSolution
		HideSolutionNode = FALSE
	EndGlobalSection
EndGlobal
